
Microsoft Visual Studio Solution File, Format Version 12.00
# Visual Studio 2012
Project("{FAE04EC0-301F-11D3-BF4B-00C04F79EFBC}") = "PictureEditor", "PictureEditor\PictureEditor.csproj", "{32EACDCC-9B83-4FCB-BC52-A741CB4555F4}"
EndProject
Project("{2150E333-8FDC-42A3-9474-1A3956D46DE8}") = "Library", "Library", "{59BE465D-F6A1-4B35-B9BD-E0D84A8C29AC}"
EndProject
Project("{FAE04EC0-301F-11D3-BF4B-00C04F79EFBC}") = "ImageTools.Controls.WinRT", "..\..\..\..\..\..\Studing\VII semestar\Web Bazirani Sistemi\MetroPhotoEditor\Probno\imagetoolswinrt-18093\ImageTools\ImageTools.Controls.WinRT\ImageTools.Controls.WinRT.csproj", "{44F11B1A-C596-49E2-8D86-D9CF5B9C8786}"
EndProject
Project("{FAE04EC0-301F-11D3-BF4B-00C04F79EFBC}") = "ImageTools.Filtering.WinRT", "..\..\..\..\..\..\Studing\VII semestar\Web Bazirani Sistemi\MetroPhotoEditor\Probno\imagetoolswinrt-18093\ImageTools\ImageTools.Filtering.WinRT\ImageTools.Filtering.WinRT.csproj", "{BF108D33-6117-469C-A444-1BE6F0874269}"
EndProject
Project("{FAE04EC0-301F-11D3-BF4B-00C04F79EFBC}") = "ImageTools.IO.Bmp.WinRT", "..\..\..\..\..\..\Studing\VII semestar\Web Bazirani Sistemi\MetroPhotoEditor\Probno\imagetoolswinrt-18093\ImageTools\ImageTools.IO.Bmp.WinRT\ImageTools.IO.Bmp.WinRT.csproj", "{5A60EA27-9F68-404F-A31E-AD22DCF69535}"
EndProject
Project("{FAE04EC0-301F-11D3-BF4B-00C04F79EFBC}") = "ImageTools.IO.Gif.WinRT", "..\..\..\..\..\..\Studing\VII semestar\Web Bazirani Sistemi\MetroPhotoEditor\Probno\imagetoolswinrt-18093\ImageTools\ImageTools.IO.Gif.WinRT\ImageTools.IO.Gif.WinRT.csproj", "{6C633D6F-D30F-4626-AF40-33642932216C}"
EndProject
Project("{FAE04EC0-301F-11D3-BF4B-00C04F79EFBC}") = "ImageTools.IO.Jpeg.WinRT", "..\..\..\..\..\..\Studing\VII semestar\Web Bazirani Sistemi\MetroPhotoEditor\Probno\imagetoolswinrt-18093\ImageTools\ImageTools.IO.Jpeg.WinRT\ImageTools.IO.Jpeg.WinRT.csproj", "{9A2BD006-F315-4C6A-8510-E4A900B0BBA1}"
EndProject
Project("{FAE04EC0-301F-11D3-BF4B-00C04F79EFBC}") = "ImageTools.IO.Png.WinRT", "..\..\..\..\..\..\Studing\VII semestar\Web Bazirani Sistemi\MetroPhotoEditor\Probno\imagetoolswinrt-18093\ImageTools\ImageTools.IO.Png.WinRT\ImageTools.IO.Png.WinRT.csproj", "{0E09013F-37A6-433F-AC10-A7D1BD6E8FD4}"
EndProject
Project("{FAE04EC0-301F-11D3-BF4B-00C04F79EFBC}") = "ImageTools.Utils.WinRT", "..\..\..\..\..\..\Studing\VII semestar\Web Bazirani Sistemi\MetroPhotoEditor\Probno\imagetoolswinrt-18093\ImageTools\ImageTools.Utils.WinRT\ImageTools.Utils.WinRT.csproj", "{C2E9C6A0-425E-4D3A-895B-A75A37274984}"
EndProject
Project("{FAE04EC0-301F-11D3-BF4B-00C04F79EFBC}") = "ImageTools.WinRT", "..\..\..\..\..\..\Studing\VII semestar\Web Bazirani Sistemi\MetroPhotoEditor\Probno\imagetoolswinrt-18093\ImageTools\ImageTools.WinRT\ImageTools.WinRT.csproj", "{D88C183F-3ADD-4948-AD84-24E0B23E4858}"
EndProject
Global
	GlobalSection(SolutionConfigurationPlatforms) = preSolution
		Debug|Any CPU = Debug|Any CPU
		Debug|ARM = Debug|ARM
		Debug|x64 = Debug|x64
		Debug|x86 = Debug|x86
		Release|Any CPU = Release|Any CPU
		Release|ARM = Release|ARM
		Release|x64 = Release|x64
		Release|x86 = Release|x86
	EndGlobalSection
	GlobalSection(ProjectConfigurationPlatforms) = postSolution
		{32EACDCC-9B83-4FCB-BC52-A741CB4555F4}.Debug|Any CPU.ActiveCfg = Debug|Any CPU
		{32EACDCC-9B83-4FCB-BC52-A741CB4555F4}.Debug|Any CPU.Build.0 = Debug|Any CPU
		{32EACDCC-9B83-4FCB-BC52-A741CB4555F4}.Debug|Any CPU.Deploy.0 = Debug|Any CPU
		{32EACDCC-9B83-4FCB-BC52-A741CB4555F4}.Debug|ARM.ActiveCfg = Debug|ARM
		{32EACDCC-9B83-4FCB-BC52-A741CB4555F4}.Debug|ARM.Build.0 = Debug|ARM
		{32EACDCC-9B83-4FCB-BC52-A741CB4555F4}.Debug|ARM.Deploy.0 = Debug|ARM
		{32EACDCC-9B83-4FCB-BC52-A741CB4555F4}.Debug|x64.ActiveCfg = Debug|x64
		{32EACDCC-9B83-4FCB-BC52-A741CB4555F4}.Debug|x64.Build.0 = Debug|x64
		{32EACDCC-9B83-4FCB-BC52-A741CB4555F4}.Debug|x64.Deploy.0 = Debug|x64
		{32EACDCC-9B83-4FCB-BC52-A741CB4555F4}.Debug|x86.ActiveCfg = Debug|x86
		{32EACDCC-9B83-4FCB-BC52-A741CB4555F4}.Debug|x86.Build.0 = Debug|x86
		{32EACDCC-9B83-4FCB-BC52-A741CB4555F4}.Debug|x86.Deploy.0 = Debug|x86
		{32EACDCC-9B83-4FCB-BC52-A741CB4555F4}.Release|Any CPU.ActiveCfg = Release|Any CPU
		{32EACDCC-9B83-4FCB-BC52-A741CB4555F4}.Release|Any CPU.Build.0 = Release|Any CPU
		{32EACDCC-9B83-4FCB-BC52-A741CB4555F4}.Release|Any CPU.Deploy.0 = Release|Any CPU
		{32EACDCC-9B83-4FCB-BC52-A741CB4555F4}.Release|ARM.ActiveCfg = Release|ARM
		{32EACDCC-9B83-4FCB-BC52-A741CB4555F4}.Release|ARM.Build.0 = Release|ARM
		{32EACDCC-9B83-4FCB-BC52-A741CB4555F4}.Release|ARM.Deploy.0 = Release|ARM
		{32EACDCC-9B83-4FCB-BC52-A741CB4555F4}.Release|x64.ActiveCfg = Release|x64
		{32EACDCC-9B83-4FCB-BC52-A741CB4555F4}.Release|x64.Build.0 = Release|x64
		{32EACDCC-9B83-4FCB-BC52-A741CB4555F4}.Release|x64.Deploy.0 = Release|x64
		{32EACDCC-9B83-4FCB-BC52-A741CB4555F4}.Release|x86.ActiveCfg = Release|x86
		{32EACDCC-9B83-4FCB-BC52-A741CB4555F4}.Release|x86.Build.0 = Release|x86
		{32EACDCC-9B83-4FCB-BC52-A741CB4555F4}.Release|x86.Deploy.0 = Release|x86
		{44F11B1A-C596-49E2-8D86-D9CF5B9C8786}.Debug|Any CPU.ActiveCfg = Debug|Any CPU
		{44F11B1A-C596-49E2-8D86-D9CF5B9C8786}.Debug|Any CPU.Build.0 = Debug|Any CPU
		{44F11B1A-C596-49E2-8D86-D9CF5B9C8786}.Debug|ARM.ActiveCfg = Debug|ARM
		{44F11B1A-C596-49E2-8D86-D9CF5B9C8786}.Debug|ARM.Build.0 = Debug|ARM
		{44F11B1A-C596-49E2-8D86-D9CF5B9C8786}.Debug|x64.ActiveCfg = Debug|x64
		{44F11B1A-C596-49E2-8D86-D9CF5B9C8786}.Debug|x64.Build.0 = Debug|x64
		{44F11B1A-C596-49E2-8D86-D9CF5B9C8786}.Debug|x86.ActiveCfg = Debug|x86
		{44F11B1A-C596-49E2-8D86-D9CF5B9C8786}.Debug|x86.Build.0 = Debug|x86
		{44F11B1A-C596-49E2-8D86-D9CF5B9C8786}.Release|Any CPU.ActiveCfg = Release|Any CPU
		{44F11B1A-C596-49E2-8D86-D9CF5B9C8786}.Release|Any CPU.Build.0 = Release|Any CPU
		{44F11B1A-C596-49E2-8D86-D9CF5B9C8786}.Release|ARM.ActiveCfg = Release|ARM
		{44F11B1A-C596-49E2-8D86-D9CF5B9C8786}.Release|ARM.Build.0 = Release|ARM
		{44F11B1A-C596-49E2-8D86-D9CF5B9C8786}.Release|x64.ActiveCfg = Release|x64
		{44F11B1A-C596-49E2-8D86-D9CF5B9C8786}.Release|x64.Build.0 = Release|x64
		{44F11B1A-C596-49E2-8D86-D9CF5B9C8786}.Release|x86.ActiveCfg = Release|x86
		{44F11B1A-C596-49E2-8D86-D9CF5B9C8786}.Release|x86.Build.0 = Release|x86
		{BF108D33-6117-469C-A444-1BE6F0874269}.Debug|Any CPU.ActiveCfg = Debug|Any CPU
		{BF108D33-6117-469C-A444-1BE6F0874269}.Debug|Any CPU.Build.0 = Debug|Any CPU
		{BF108D33-6117-469C-A444-1BE6F0874269}.Debug|ARM.ActiveCfg = Debug|ARM
		{BF108D33-6117-469C-A444-1BE6F0874269}.Debug|ARM.Build.0 = Debug|ARM
		{BF108D33-6117-469C-A444-1BE6F0874269}.Debug|x64.ActiveCfg = Debug|x64
		{BF108D33-6117-469C-A444-1BE6F0874269}.Debug|x64.Build.0 = Debug|x64
		{BF108D33-6117-469C-A444-1BE6F0874269}.Debug|x86.ActiveCfg = Debug|x86
		{BF108D33-6117-469C-A444-1BE6F0874269}.Debug|x86.Build.0 = Debug|x86
		{BF108D33-6117-469C-A444-1BE6F0874269}.Release|Any CPU.ActiveCfg = Release|Any CPU
		{BF108D33-6117-469C-A444-1BE6F0874269}.Release|Any CPU.Build.0 = Release|Any CPU
		{BF108D33-6117-469C-A444-1BE6F0874269}.Release|ARM.ActiveCfg = Release|ARM
		{BF108D33-6117-469C-A444-1BE6F0874269}.Release|ARM.Build.0 = Release|ARM
		{BF108D33-6117-469C-A444-1BE6F0874269}.Release|x64.ActiveCfg = Release|x64
		{BF108D33-6117-469C-A444-1BE6F0874269}.Release|x64.Build.0 = Release|x64
		{BF108D33-6117-469C-A444-1BE6F0874269}.Release|x86.ActiveCfg = Release|x86
		{BF108D33-6117-469C-A444-1BE6F0874269}.Release|x86.Build.0 = Release|x86
		{5A60EA27-9F68-404F-A31E-AD22DCF69535}.Debug|Any CPU.ActiveCfg = Debug|Any CPU
		{5A60EA27-9F68-404F-A31E-AD22DCF69535}.Debug|Any CPU.Build.0 = Debug|Any CPU
		{5A60EA27-9F68-404F-A31E-AD22DCF69535}.Debug|ARM.ActiveCfg = Debug|ARM
		{5A60EA27-9F68-404F-A31E-AD22DCF69535}.Debug|ARM.Build.0 = Debug|ARM
		{5A60EA27-9F68-404F-A31E-AD22DCF69535}.Debug|x64.ActiveCfg = Debug|x64
		{5A60EA27-9F68-404F-A31E-AD22DCF69535}.Debug|x64.Build.0 = Debug|x64
		{5A60EA27-9F68-404F-A31E-AD22DCF69535}.Debug|x86.ActiveCfg = Debug|x86
		{5A60EA27-9F68-404F-A31E-AD22DCF69535}.Debug|x86.Build.0 = Debug|x86
		{5A60EA27-9F68-404F-A31E-AD22DCF69535}.Release|Any CPU.ActiveCfg = Release|Any CPU
		{5A60EA27-9F68-404F-A31E-AD22DCF69535}.Release|Any CPU.Build.0 = Release|Any CPU
		{5A60EA27-9F68-404F-A31E-AD22DCF69535}.Release|ARM.ActiveCfg = Release|ARM
		{5A60EA27-9F68-404F-A31E-AD22DCF69535}.Release|ARM.Build.0 = Release|ARM
		{5A60EA27-9F68-404F-A31E-AD22DCF69535}.Release|x64.ActiveCfg = Release|x64
		{5A60EA27-9F68-404F-A31E-AD22DCF69535}.Release|x64.Build.0 = Release|x64
		{5A60EA27-9F68-404F-A31E-AD22DCF69535}.Release|x86.ActiveCfg = Release|x86
		{5A60EA27-9F68-404F-A31E-AD22DCF69535}.Release|x86.Build.0 = Release|x86
		{6C633D6F-D30F-4626-AF40-33642932216C}.Debug|Any CPU.ActiveCfg = Debug|Any CPU
		{6C633D6F-D30F-4626-AF40-33642932216C}.Debug|Any CPU.Build.0 = Debug|Any CPU
		{6C633D6F-D30F-4626-AF40-33642932216C}.Debug|ARM.ActiveCfg = Debug|ARM
		{6C633D6F-D30F-4626-AF40-33642932216C}.Debug|ARM.Build.0 = Debug|ARM
		{6C633D6F-D30F-4626-AF40-33642932216C}.Debug|x64.ActiveCfg = Debug|x64
		{6C633D6F-D30F-4626-AF40-33642932216C}.Debug|x64.Build.0 = Debug|x64
		{6C633D6F-D30F-4626-AF40-33642932216C}.Debug|x86.ActiveCfg = Debug|x86
		{6C633D6F-D30F-4626-AF40-33642932216C}.Debug|x86.Build.0 = Debug|x86
		{6C633D6F-D30F-4626-AF40-33642932216C}.Release|Any CPU.ActiveCfg = Release|Any CPU
		{6C633D6F-D30F-4626-AF40-33642932216C}.Release|Any CPU.Build.0 = Release|Any CPU
		{6C633D6F-D30F-4626-AF40-33642932216C}.Release|ARM.ActiveCfg = Release|ARM
		{6C633D6F-D30F-4626-AF40-33642932216C}.Release|ARM.Build.0 = Release|ARM
		{6C633D6F-D30F-4626-AF40-33642932216C}.Release|x64.ActiveCfg = Release|x64
		{6C633D6F-D30F-4626-AF40-33642932216C}.Release|x64.Build.0 = Release|x64
		{6C633D6F-D30F-4626-AF40-33642932216C}.Release|x86.ActiveCfg = Release|x86
		{6C633D6F-D30F-4626-AF40-33642932216C}.Release|x86.Build.0 = Release|x86
		{9A2BD006-F315-4C6A-8510-E4A900B0BBA1}.Debug|Any CPU.ActiveCfg = Debug|Any CPU
		{9A2BD006-F315-4C6A-8510-E4A900B0BBA1}.Debug|Any CPU.Build.0 = Debug|Any CPU
		{9A2BD006-F315-4C6A-8510-E4A900B0BBA1}.Debug|ARM.ActiveCfg = Debug|ARM
		{9A2BD006-F315-4C6A-8510-E4A900B0BBA1}.Debug|ARM.Build.0 = Debug|ARM
		{9A2BD006-F315-4C6A-8510-E4A900B0BBA1}.Debug|x64.ActiveCfg = Debug|x64
		{9A2BD006-F315-4C6A-8510-E4A900B0BBA1}.Debug|x64.Build.0 = Debug|x64
		{9A2BD006-F315-4C6A-8510-E4A900B0BBA1}.Debug|x86.ActiveCfg = Debug|x86
		{9A2BD006-F315-4C6A-8510-E4A900B0BBA1}.Debug|x86.Build.0 = Debug|x86
		{9A2BD006-F315-4C6A-8510-E4A900B0BBA1}.Release|Any CPU.ActiveCfg = Release|Any CPU
		{9A2BD006-F315-4C6A-8510-E4A900B0BBA1}.Release|Any CPU.Build.0 = Release|Any CPU
		{9A2BD006-F315-4C6A-8510-E4A900B0BBA1}.Release|ARM.ActiveCfg = Release|ARM
		{9A2BD006-F315-4C6A-8510-E4A900B0BBA1}.Release|ARM.Build.0 = Release|ARM
		{9A2BD006-F315-4C6A-8510-E4A900B0BBA1}.Release|x64.ActiveCfg = Release|x64
		{9A2BD006-F315-4C6A-8510-E4A900B0BBA1}.Release|x64.Build.0 = Release|x64
		{9A2BD006-F315-4C6A-8510-E4A900B0BBA1}.Release|x86.ActiveCfg = Release|x86
		{9A2BD006-F315-4C6A-8510-E4A900B0BBA1}.Release|x86.Build.0 = Release|x86
		{0E09013F-37A6-433F-AC10-A7D1BD6E8FD4}.Debug|Any CPU.ActiveCfg = Debug|Any CPU
		{0E09013F-37A6-433F-AC10-A7D1BD6E8FD4}.Debug|Any CPU.Build.0 = Debug|Any CPU
		{0E09013F-37A6-433F-AC10-A7D1BD6E8FD4}.Debug|ARM.ActiveCfg = Debug|ARM
		{0E09013F-37A6-433F-AC10-A7D1BD6E8FD4}.Debug|ARM.Build.0 = Debug|ARM
		{0E09013F-37A6-433F-AC10-A7D1BD6E8FD4}.Debug|x64.ActiveCfg = Debug|x64
		{0E09013F-37A6-433F-AC10-A7D1BD6E8FD4}.Debug|x64.Build.0 = Debug|x64
		{0E09013F-37A6-433F-AC10-A7D1BD6E8FD4}.Debug|x86.ActiveCfg = Debug|x86
		{0E09013F-37A6-433F-AC10-A7D1BD6E8FD4}.Debug|x86.Build.0 = Debug|x86
		{0E09013F-37A6-433F-AC10-A7D1BD6E8FD4}.Release|Any CPU.ActiveCfg = Release|Any CPU
		{0E09013F-37A6-433F-AC10-A7D1BD6E8FD4}.Release|Any CPU.Build.0 = Release|Any CPU
		{0E09013F-37A6-433F-AC10-A7D1BD6E8FD4}.Release|ARM.ActiveCfg = Release|ARM
		{0E09013F-37A6-433F-AC10-A7D1BD6E8FD4}.Release|ARM.Build.0 = Release|ARM
		{0E09013F-37A6-433F-AC10-A7D1BD6E8FD4}.Release|x64.ActiveCfg = Release|x64
		{0E09013F-37A6-433F-AC10-A7D1BD6E8FD4}.Release|x64.Build.0 = Release|x64
		{0E09013F-37A6-433F-AC10-A7D1BD6E8FD4}.Release|x86.ActiveCfg = Release|x86
		{0E09013F-37A6-433F-AC10-A7D1BD6E8FD4}.Release|x86.Build.0 = Release|x86
		{C2E9C6A0-425E-4D3A-895B-A75A37274984}.Debug|Any CPU.ActiveCfg = Debug|Any CPU
		{C2E9C6A0-425E-4D3A-895B-A75A37274984}.Debug|Any CPU.Build.0 = Debug|Any CPU
		{C2E9C6A0-425E-4D3A-895B-A75A37274984}.Debug|ARM.ActiveCfg = Debug|ARM
		{C2E9C6A0-425E-4D3A-895B-A75A37274984}.Debug|ARM.Build.0 = Debug|ARM
		{C2E9C6A0-425E-4D3A-895B-A75A37274984}.Debug|x64.ActiveCfg = Debug|x64
		{C2E9C6A0-425E-4D3A-895B-A75A37274984}.Debug|x64.Build.0 = Debug|x64
		{C2E9C6A0-425E-4D3A-895B-A75A37274984}.Debug|x86.ActiveCfg = Debug|x86
		{C2E9C6A0-425E-4D3A-895B-A75A37274984}.Debug|x86.Build.0 = Debug|x86
		{C2E9C6A0-425E-4D3A-895B-A75A37274984}.Release|Any CPU.ActiveCfg = Release|Any CPU
		{C2E9C6A0-425E-4D3A-895B-A75A37274984}.Release|Any CPU.Build.0 = Release|Any CPU
		{C2E9C6A0-425E-4D3A-895B-A75A37274984}.Release|ARM.ActiveCfg = Release|ARM
		{C2E9C6A0-425E-4D3A-895B-A75A37274984}.Release|ARM.Build.0 = Release|ARM
		{C2E9C6A0-425E-4D3A-895B-A75A37274984}.Release|x64.ActiveCfg = Release|x64
		{C2E9C6A0-425E-4D3A-895B-A75A37274984}.Release|x64.Build.0 = Release|x64
		{C2E9C6A0-425E-4D3A-895B-A75A37274984}.Release|x86.ActiveCfg = Release|x86
		{C2E9C6A0-425E-4D3A-895B-A75A37274984}.Release|x86.Build.0 = Release|x86
		{D88C183F-3ADD-4948-AD84-24E0B23E4858}.Debug|Any CPU.ActiveCfg = Debug|Any CPU
		{D88C183F-3ADD-4948-AD84-24E0B23E4858}.Debug|Any CPU.Build.0 = Debug|Any CPU
		{D88C183F-3ADD-4948-AD84-24E0B23E4858}.Debug|ARM.ActiveCfg = Debug|ARM
		{D88C183F-3ADD-4948-AD84-24E0B23E4858}.Debug|ARM.Build.0 = Debug|ARM
		{D88C183F-3ADD-4948-AD84-24E0B23E4858}.Debug|x64.ActiveCfg = Debug|x64
		{D88C183F-3ADD-4948-AD84-24E0B23E4858}.Debug|x64.Build.0 = Debug|x64
		{D88C183F-3ADD-4948-AD84-24E0B23E4858}.Debug|x86.ActiveCfg = Debug|x86
		{D88C183F-3ADD-4948-AD84-24E0B23E4858}.Debug|x86.Build.0 = Debug|x86
		{D88C183F-3ADD-4948-AD84-24E0B23E4858}.Release|Any CPU.ActiveCfg = Release|Any CPU
		{D88C183F-3ADD-4948-AD84-24E0B23E4858}.Release|Any CPU.Build.0 = Release|Any CPU
		{D88C183F-3ADD-4948-AD84-24E0B23E4858}.Release|ARM.ActiveCfg = Release|ARM
		{D88C183F-3ADD-4948-AD84-24E0B23E4858}.Release|ARM.Build.0 = Release|ARM
		{D88C183F-3ADD-4948-AD84-24E0B23E4858}.Release|x64.ActiveCfg = Release|x64
		{D88C183F-3ADD-4948-AD84-24E0B23E4858}.Release|x64.Build.0 = Release|x64
		{D88C183F-3ADD-4948-AD84-24E0B23E4858}.Release|x86.ActiveCfg = Release|x86
		{D88C183F-3ADD-4948-AD84-24E0B23E4858}.Release|x86.Build.0 = Release|x86
	EndGlobalSection
	GlobalSection(SolutionProperties) = preSolution
		HideSolutionNode = FALSE
	EndGlobalSection
	GlobalSection(NestedProjects) = preSolution
		{44F11B1A-C596-49E2-8D86-D9CF5B9C8786} = {59BE465D-F6A1-4B35-B9BD-E0D84A8C29AC}
		{BF108D33-6117-469C-A444-1BE6F0874269} = {59BE465D-F6A1-4B35-B9BD-E0D84A8C29AC}
		{5A60EA27-9F68-404F-A31E-AD22DCF69535} = {59BE465D-F6A1-4B35-B9BD-E0D84A8C29AC}
		{6C633D6F-D30F-4626-AF40-33642932216C} = {59BE465D-F6A1-4B35-B9BD-E0D84A8C29AC}
		{9A2BD006-F315-4C6A-8510-E4A900B0BBA1} = {59BE465D-F6A1-4B35-B9BD-E0D84A8C29AC}
		{0E09013F-37A6-433F-AC10-A7D1BD6E8FD4} = {59BE465D-F6A1-4B35-B9BD-E0D84A8C29AC}
		{C2E9C6A0-425E-4D3A-895B-A75A37274984} = {59BE465D-F6A1-4B35-B9BD-E0D84A8C29AC}
		{D88C183F-3ADD-4948-AD84-24E0B23E4858} = {59BE465D-F6A1-4B35-B9BD-E0D84A8C29AC}
	EndGlobalSection
EndGlobal
